
Microsoft Visual Studio Solution File, Format Version 12.00
# Visual Studio Version 17
VisualStudioVersion = 17.14.36221.1
MinimumVisualStudioVersion = 10.0.40219.1
Project("{9A19103F-16F7-4668-BE54-9A1E7A4F7556}") = "Sparc.Engine", "Sparc.Engine\Sparc.Engine.csproj", "{7D5C29E3-D235-E086-5797-247CB73D36B9}"
EndProject
Project("{2150E333-8FDC-42A3-9474-1A3956D46DE8}") = "Examples", "Examples", "{38BB0E90-032E-41C4-BE2A-823A0D2C51F6}"
EndProject
Project("{9A19103F-16F7-4668-BE54-9A1E7A4F7556}") = "Sparc.Kori.Translate", "Examples\Sparc.Kori.Translate\Sparc.Kori.Translate.csproj", "{5908441C-28D4-442B-8742-FCC2988D0E9B}"
EndProject
Global
	GlobalSection(SolutionConfigurationPlatforms) = preSolution
		Debug|Any CPU = Debug|Any CPU
		Release|Any CPU = Release|Any CPU
	EndGlobalSection
	GlobalSection(ProjectConfigurationPlatforms) = postSolution
		{7D5C29E3-D235-E086-5797-247CB73D36B9}.Debug|Any CPU.ActiveCfg = Debug|Any CPU
		{7D5C29E3-D235-E086-5797-247CB73D36B9}.Debug|Any CPU.Build.0 = Debug|Any CPU
		{7D5C29E3-D235-E086-5797-247CB73D36B9}.Release|Any CPU.ActiveCfg = Release|Any CPU
		{7D5C29E3-D235-E086-5797-247CB73D36B9}.Release|Any CPU.Build.0 = Release|Any CPU
		{5908441C-28D4-442B-8742-FCC2988D0E9B}.Debug|Any CPU.ActiveCfg = Debug|Any CPU
		{5908441C-28D4-442B-8742-FCC2988D0E9B}.Debug|Any CPU.Build.0 = Debug|Any CPU
		{5908441C-28D4-442B-8742-FCC2988D0E9B}.Release|Any CPU.ActiveCfg = Release|Any CPU
		{5908441C-28D4-442B-8742-FCC2988D0E9B}.Release|Any CPU.Build.0 = Release|Any CPU
	EndGlobalSection
	GlobalSection(SolutionProperties) = preSolution
		HideSolutionNode = FALSE
	EndGlobalSection
	GlobalSection(NestedProjects) = preSolution
		{5908441C-28D4-442B-8742-FCC2988D0E9B} = {38BB0E90-032E-41C4-BE2A-823A0D2C51F6}
	EndGlobalSection
	GlobalSection(ExtensibilityGlobals) = postSolution
		SolutionGuid = {14EBE511-5AF5-47E6-9C22-168C3C928AEE}
	EndGlobalSection
EndGlobal
